{
  "nodes": {
    "nixpkgs-git": {
      "locked": {
        "narHash": "sha256-qdjmcYumPcqwgbeP5L5QicSvsyezSkhJSqMQXE9nDtM=",
        "type": "tarball",
        "url": "https://github.com/NixOS/nixpkgs/archive/58c19a2b0bbf75e68b1946460737c3f8a74b0f33.tar.gz"
      },
      "original": {
        "type": "tarball",
        "url": "https://github.com/NixOS/nixpkgs/archive/58c19a2b0bbf75e68b1946460737c3f8a74b0f33.tar.gz"
      }
    },
    "root": {
      "inputs": {
        "nixpkgs-git": "nixpkgs-git"
      }
    }
  },
  "root": "root",
  "version": 7
}
